
Microsoft Visual Studio Solution File, Format Version 12.00
# Visual Studio Version 16
VisualStudioVersion = 16.0.31025.194
MinimumVisualStudioVersion = 10.0.40219.1
Project("{FAE04EC0-301F-11D3-BF4B-00C04F79EFBC}") = "Deposer", "Deposer\Deposer.csproj", "{73086747-AA39-41D3-B891-DA9A541347D3}"
EndProject
Global
	GlobalSection(SolutionConfigurationPlatforms) = preSolution
		Debug|Any CPU = Debug|Any CPU
		Release|Any CPU = Release|Any CPU
	EndGlobalSection
	GlobalSection(ProjectConfigurationPlatforms) = postSolution
		{73086747-AA39-41D3-B891-DA9A541347D3}.Debug|Any CPU.ActiveCfg = Debug|Any CPU
		{73086747-AA39-41D3-B891-DA9A541347D3}.Debug|Any CPU.Build.0 = Debug|Any CPU
		{73086747-AA39-41D3-B891-DA9A541347D3}.Release|Any CPU.ActiveCfg = Release|Any CPU
		{73086747-AA39-41D3-B891-DA9A541347D3}.Release|Any CPU.Build.0 = Release|Any CPU
	EndGlobalSection
	GlobalSection(SolutionProperties) = preSolution
		HideSolutionNode = FALSE
	EndGlobalSection
	GlobalSection(ExtensibilityGlobals) = postSolution
		SolutionGuid = {F143452A-22A7-4320-9708-E55467F671EE}
	EndGlobalSection
EndGlobal
